
Microsoft Visual Studio Solution File, Format Version 12.00
# Visual Studio Version 16
VisualStudioVersion = 16.0.28714.193
MinimumVisualStudioVersion = 10.0.40219.1
Project("{9A19103F-16F7-4668-BE54-9A1E7A4F7556}") = "DataFramework", "DataFramework\DataFramework.csproj", "{48DB5912-B3D2-49C5-857B-E6E6A9638A43}"
EndProject
Project("{9A19103F-16F7-4668-BE54-9A1E7A4F7556}") = "Visualizer", "Visualizer\Visualizer.csproj", "{9692258A-BDD4-41EC-B7CB-EA7DDC31DD1E}"
EndProject
Project("{2150E333-8FDC-42A3-9474-1A3956D46DE8}") = "Solution Items", "Solution Items", "{0ABDAB0E-C3D4-498A-A3B7-1590104DFD18}"
	ProjectSection(SolutionItems) = preProject
		.editorconfig = .editorconfig
		README.md = README.md
	EndProjectSection
EndProject
Project("{9A19103F-16F7-4668-BE54-9A1E7A4F7556}") = "Visualizer.Tests", "Visualizer.Tests\Visualizer.Tests.csproj", "{9A697E79-1FBC-4DB7-B335-530C40D8B7DE}"
EndProject
Project("{D954291E-2A0B-460D-934E-DC6B0785DB48}") = "Probability.Service", "Probability.Service\Probability.Service.shproj", "{007ECC6E-1429-4935-83CE-9F6DF9D546EB}"
EndProject
Project("{FAE04EC0-301F-11D3-BF4B-00C04F79EFBC}") = "DataFramework.Tests", "DataFramework.Tests\DataFramework.Tests.csproj", "{69E97413-DD79-4B87-9B72-049F05EA8548}"
EndProject
Global
	GlobalSection(SharedMSBuildProjectFiles) = preSolution
		Probability.Service\Probability.Service.projitems*{007ecc6e-1429-4935-83ce-9f6df9d546eb}*SharedItemsImports = 13
		Probability.Service\Probability.Service.projitems*{48db5912-b3d2-49c5-857b-e6e6a9638a43}*SharedItemsImports = 5
		Probability.Service\Probability.Service.projitems*{9692258a-bdd4-41ec-b7cb-ea7ddc31dd1e}*SharedItemsImports = 5
	EndGlobalSection
	GlobalSection(SolutionConfigurationPlatforms) = preSolution
		Debug|Any CPU = Debug|Any CPU
		Release|Any CPU = Release|Any CPU
	EndGlobalSection
	GlobalSection(ProjectConfigurationPlatforms) = postSolution
		{48DB5912-B3D2-49C5-857B-E6E6A9638A43}.Debug|Any CPU.ActiveCfg = Debug|Any CPU
		{48DB5912-B3D2-49C5-857B-E6E6A9638A43}.Debug|Any CPU.Build.0 = Debug|Any CPU
		{48DB5912-B3D2-49C5-857B-E6E6A9638A43}.Release|Any CPU.ActiveCfg = Release|Any CPU
		{48DB5912-B3D2-49C5-857B-E6E6A9638A43}.Release|Any CPU.Build.0 = Release|Any CPU
		{9692258A-BDD4-41EC-B7CB-EA7DDC31DD1E}.Debug|Any CPU.ActiveCfg = Debug|Any CPU
		{9692258A-BDD4-41EC-B7CB-EA7DDC31DD1E}.Debug|Any CPU.Build.0 = Debug|Any CPU
		{9692258A-BDD4-41EC-B7CB-EA7DDC31DD1E}.Release|Any CPU.ActiveCfg = Release|Any CPU
		{9692258A-BDD4-41EC-B7CB-EA7DDC31DD1E}.Release|Any CPU.Build.0 = Release|Any CPU
		{9A697E79-1FBC-4DB7-B335-530C40D8B7DE}.Debug|Any CPU.ActiveCfg = Debug|Any CPU
		{9A697E79-1FBC-4DB7-B335-530C40D8B7DE}.Debug|Any CPU.Build.0 = Debug|Any CPU
		{9A697E79-1FBC-4DB7-B335-530C40D8B7DE}.Release|Any CPU.ActiveCfg = Release|Any CPU
		{9A697E79-1FBC-4DB7-B335-530C40D8B7DE}.Release|Any CPU.Build.0 = Release|Any CPU
		{69E97413-DD79-4B87-9B72-049F05EA8548}.Debug|Any CPU.ActiveCfg = Debug|Any CPU
		{69E97413-DD79-4B87-9B72-049F05EA8548}.Debug|Any CPU.Build.0 = Debug|Any CPU
		{69E97413-DD79-4B87-9B72-049F05EA8548}.Release|Any CPU.ActiveCfg = Release|Any CPU
		{69E97413-DD79-4B87-9B72-049F05EA8548}.Release|Any CPU.Build.0 = Release|Any CPU
	EndGlobalSection
	GlobalSection(SolutionProperties) = preSolution
		HideSolutionNode = FALSE
	EndGlobalSection
	GlobalSection(ExtensibilityGlobals) = postSolution
		SolutionGuid = {9B5B4C25-8BF3-41C8-A0BA-18111FE11C61}
	EndGlobalSection
EndGlobal
